<Solution>
  <Configurations>
    <Platform Name="Any CPU" />
    <Platform Name="x64" />
    <Platform Name="x86" />
  </Configurations>
  <Folder Name="/Plugins/" />
  <Folder Name="/Plugins/Abstractions/">
    <Project Path="src/Plugins/Abstractions/AuthKit.Plugins.Abstractions.csproj" />
  </Folder>
  <Folder Name="/Plugins/Solutions/">
    <Project Path="src/Plugins/Solutions/DevTokens/DevTokens.csproj" />
    <Project Path="src/Plugins/Solutions/DevTools/DevTools.csproj" />
    <Project Path="src/Plugins/Solutions/ExamplePlugin/ExamplePlugin.csproj" />
  </Folder>
  <Folder Name="/Plugins/Integrations/">
    <Project Path="src/Plugins/Integrations/AuthKit.Plugins.Integrations.csproj" />
  </Folder>
  <Folder Name="/Tools/">
    <Project Path="tools/AuthKit.PluginContractValidator/AuthKit.PluginContractValidator.csproj" />
  </Folder>     
  <Project Path="src/Core/Core.csproj" />
  <Project Path="src/Host/Host.csproj" />
  <Folder Name="/Tests/">
    <Project Path="tests/Host/AuthKit.Host.Tests.csproj" />
    <Project Path="tests/Host.IntegrationTests/AuthKit.Host.IntegrationTests.csproj" />
    <Project Path="tests/Plugins/Abstractions/AuthKit.Plugins.Abstractions.Tests.csproj" />
  </Folder>
</Solution>
